version = 1
revision = 3
requires-python = "==3.9.*"

[[package]]
name = "apkutils2"
version = "1.0.0"
source = { registry = "https://pypi.org/simple" }
dependencies = [
    { name = "cigam" },
    { name = "pyelftools" },
    { name = "xmltodict" },
]
sdist = { url = "https://files.pythonhosted.org/packages/e5/d0/432fb6fb1fe48aa0ea1c80e8dec4a26f70c868999c076f92af88582ae91a/apkutils2-1.0.0.tar.gz", hash = "sha256:c5ae8f86d3ebee6a59fc014d88507741d7f3f9ab183bab34b44d011fe878660b", size = 60986, upload-time = "2019-07-31T06:47:25.201Z" }

[[package]]
name = "atxserver2"
version = "0.1.0"
source = { virtual = "." }
dependencies = [
    { name = "apkutils2" },
    { name = "bunch" },
    { name = "logzero" },
    { name = "requests" },
    { name = "rethinkdb" },
    { name = "setuptools" },
    { name = "six" },
    { name = "tornado" },
]

[package.metadata]
requires-dist = [
    { name = "apkutils2", specifier = ">=1.0.0" },
    { name = "bunch", specifier = ">=1.0.1" },
    { name = "logzero", specifier = ">=1.7.0" },
    { name = "requests", specifier = ">=2.32.5" },
    { name = "rethinkdb", specifier = "==2.4.2.post1" },
    { name = "setuptools", specifier = ">=60.0.0,<70.0.0" },
    { name = "six", specifier = ">=1.17.0" },
    { name = "tornado", specifier = ">=5.0" },
]

[[package]]
name = "bunch"
version = "1.0.1"
source = { registry = "https://pypi.org/simple" }
sdist = { url = "https://files.pythonhosted.org/packages/ef/bf/a4cf1779a4ffb4f610903fa08e15d1f4a8a2f4e3353a02afbe097c5bf4a8/bunch-1.0.1.tar.gz", hash = "sha256:50c77a0fc0cb372dfe48b5e11937d5f70e743adbf42683f3a6d2857645a76aaa", size = 6577, upload-time = "2011-12-27T21:43:57.873Z" }

[[package]]
name = "certifi"
version = "2026.2.25"
source = { registry = "https://pypi.org/simple" }
sdist = { url = "https://files.pythonhosted.org/packages/af/2d/7bf41579a8986e348fa033a31cdd0e4121114f6bce2457e8876010b092dd/certifi-2026.2.25.tar.gz", hash = "sha256:e887ab5cee78ea814d3472169153c2d12cd43b14bd03329a39a9c6e2e80bfba7", size = 155029, upload-time = "2026-02-25T02:54:17.342Z" }
wheels = [
    { url = "https://files.pythonhosted.org/packages/9a/3c/c17fb3ca2d9c3acff52e30b309f538586f9f5b9c9cf454f3845fc9af4881/certifi-2026.2.25-py3-none-any.whl", hash = "sha256:027692e4402ad994f1c42e52a4997a9763c646b73e4096e4d5d6db8af1d6f0fa", size = 153684, upload-time = "2026-02-25T02:54:15.766Z" },
]

[[package]]
name = "charset-normalizer"
version = "3.4.6"
source = { registry = "https://pypi.org/simple" }
sdist = { url = "https://files.pythonhosted.org/packages/7b/60/e3bec1881450851b087e301bedc3daa9377a4d45f1c26aa90b0b235e38aa/charset_normalizer-3.4.6.tar.gz", hash = "sha256:1ae6b62897110aa7c79ea2f5dd38d1abca6db663687c0b1ad9aed6f6bae3d9d6", size = 143363, upload-time = "2026-03-15T18:53:25.478Z" }
wheels = [
    { url = "https://files.pythonhosted.org/packages/41/85/580dbaa12ab31041ed7df59f0bebc8893514fc21da6c05c3a1c1707d118f/charset_normalizer-3.4.6-cp39-cp39-macosx_10_9_universal2.whl", hash = "sha256:31215157227939b4fb3d740cd23fe27be0439afef67b785a1eb78a3ae69cba9e", size = 298620, upload-time = "2026-03-15T18:52:57.332Z" },
    { url = "https://files.pythonhosted.org/packages/67/2c/1e55af3a5e2f52e44396d5c5b731e0ae4f3bb92915ff09a610fb2f4497eb/charset_normalizer-3.4.6-cp39-cp39-manylinux2014_aarch64.manylinux_2_17_aarch64.manylinux_2_28_aarch64.whl", hash = "sha256:ecbbd45615a6885fe3240eb9db73b9e62518b611850fdf8ab08bd56de7ad2b17", size = 200106, upload-time = "2026-03-15T18:52:59.2Z" },
    { url = "https://files.pythonhosted.org/packages/10/42/0f2f51a1d16caa45fbf384fd337d4242df1a5b313babee211381d2d39a96/charset_normalizer-3.4.6-cp39-cp39-manylinux2014_ppc64le.manylinux_2_17_ppc64le.manylinux_2_28_ppc64le.whl", hash = "sha256:c45a03a4c69820a399f1dda9e1d8fbf3562eda46e7720458180302021b08f778", size = 220539, upload-time = "2026-03-15T18:53:01.019Z" },
    { url = "https://files.pythonhosted.org/packages/1c/0c/4e10996c740eec0f4ae8afbbbfa25f66e8479c4b6ee9cff1ca366a4f6c04/charset_normalizer-3.4.6-cp39-cp39-manylinux2014_s390x.manylinux_2_17_s390x.manylinux_2_28_s390x.whl", hash = "sha256:e8aeb10fcbe92767f0fa69ad5a72deca50d0dca07fbde97848997d778a50c9fe", size = 215821, upload-time = "2026-03-15T18:53:02.621Z" },
    { url = "https://files.pythonhosted.org/packages/46/73/205ae7644ebb581a7c6fa9c3751e283606e145f0e6f066003c66aafc9973/charset_normalizer-3.4.6-cp39-cp39-manylinux2014_x86_64.manylinux_2_17_x86_64.manylinux_2_28_x86_64.whl", hash = "sha256:54fae94be3d75f3e573c9a1b5402dc593de19377013c9a0e4285e3d402dd3a2a", size = 207917, upload-time = "2026-03-15T18:53:04.413Z" },
    { url = "https://files.pythonhosted.org/packages/b3/ca/18f7dcf19afdab8097aeb2feb8b3809bb4b6ee356cb720abf5263d79406a/charset_normalizer-3.4.6-cp39-cp39-manylinux_2_31_armv7l.whl", hash = "sha256:2f7fdd9b6e6c529d6a2501a2d36b240109e78a8ceaef5687cfcfa2bbe671d297", size = 194513, upload-time = "2026-03-15T18:53:06.025Z" },
    { url = "https://files.pythonhosted.org/packages/e4/6a/e7e3e204c8d79832a091e00b24595af1d5d9800d37dc1f67a6b264cc99a6/charset_normalizer-3.4.6-cp39-cp39-manylinux_2_31_riscv64.manylinux_2_39_riscv64.whl", hash = "sha256:4d1d02209e06550bdaef34af58e041ad71b88e624f5d825519da3a3308e22687", size = 205612, upload-time = "2026-03-15T18:53:07.494Z" },
    { url = "https://files.pythonhosted.org/packages/ff/ae/2169ebcea2851c5460c7a21993a0f87028be3c3e60899cb36251e1135cf5/charset_normalizer-3.4.6-cp39-cp39-musllinux_1_2_aarch64.whl", hash = "sha256:8bc5f0687d796c05b1e28ab0d38a50e6309906ee09375dd3aff6a9c09dd6e8f4", size = 203519, upload-time = "2026-03-15T18:53:09.048Z" },
    { url = "https://files.pythonhosted.org/packages/43/a0/6a49a925b9c225fe35dffeac5c76f68996b814c637e9d7213718f96be109/charset_normalizer-3.4.6-cp39-cp39-musllinux_1_2_armv7l.whl", hash = "sha256:ee4ec14bc1680d6b0afab9aea2ef27e26d2024f18b24a2d7155a52b60da7e833", size = 195411, upload-time = "2026-03-15T18:53:10.542Z" },
    { url = "https://files.pythonhosted.org/packages/47/f7/a26b0a18e52b1a0f11f53c2c400ed062f386ac227a64ae4be4c5a64699be/charset_normalizer-3.4.6-cp39-cp39-musllinux_1_2_ppc64le.whl", hash = "sha256:d1a2ee9c1499fc8f86f4521f27a973c914b211ffa87322f4ee33bb35392da2c5", size = 221653, upload-time = "2026-03-15T18:53:12.394Z" },
    { url = "https://files.pythonhosted.org/packages/a7/3a/ed1d3b5bb55e3634bd5c31cedbe4fff79d0e5b8d9a062f663a757a07760d/charset_normalizer-3.4.6-cp39-cp39-musllinux_1_2_riscv64.whl", hash = "sha256:48696db7f18afb80a068821504296eb0787d9ce239b91ca15059d1d3eaacf13b", size = 205650, upload-time = "2026-03-15T18:53:13.934Z" },
    { url = "https://files.pythonhosted.org/packages/b1/27/c75819eea5ceeefc49bae329327bb91e81adc346e2a9873d9fdb9e77cde6/charset_normalizer-3.4.6-cp39-cp39-musllinux_1_2_s390x.whl", hash = "sha256:4f41da960b196ea355357285ad1316a00099f22d0929fe168343b99b254729c9", size = 216919, upload-time = "2026-03-15T18:53:15.44Z" },
    { url = "https://files.pythonhosted.org/packages/0f/42/6e91bf8b15f67b7c957091138a36057a083e60703cc27848d5e36ca1eb03/charset_normalizer-3.4.6-cp39-cp39-musllinux_1_2_x86_64.whl", hash = "sha256:802168e03fba8bbc5ce0d866d589e4b1ca751d06edee69f7f3a19c5a9fe6b597", size = 210101, upload-time = "2026-03-15T18:53:17.045Z" },
    { url = "https://files.pythonhosted.org/packages/99/ff/101af2605e66a7ee59961d7f9e1060df7c92e8ea54208a02ab881422c24e/charset_normalizer-3.4.6-cp39-cp39-win32.whl", hash = "sha256:8761ac29b6c81574724322a554605608a9960769ea83d2c73e396f3df896ad54", size = 144136, upload-time = "2026-03-15T18:53:19.152Z" },
    { url = "https://files.pythonhosted.org/packages/1d/da/de5942dfbf21f28c19e9202267dabf7bc73f195465d020a3a60054520cc5/charset_normalizer-3.4.6-cp39-cp39-win_amd64.whl", hash = "sha256:1cf0a70018692f85172348fe06d3a4b63f94ecb055e13a00c644d368eb82e5b8", size = 154210, upload-time = "2026-03-15T18:53:20.576Z" },
    { url = "https://files.pythonhosted.org/packages/06/df/1b780a25b86d22b1d736f6ac883afd38ffdf30ddc18e5dc0e82211f493f1/charset_normalizer-3.4.6-cp39-cp39-win_arm64.whl", hash = "sha256:3516bbb8d42169de9e61b8520cbeeeb716f12f4ecfe3fd30a9919aa16c806ca8", size = 143225, upload-time = "2026-03-15T18:53:22.072Z" },
    { url = "https://files.pythonhosted.org/packages/2a/68/687187c7e26cb24ccbd88e5069f5ef00eba804d36dde11d99aad0838ab45/charset_normalizer-3.4.6-py3-none-any.whl", hash = "sha256:947cf925bc916d90adba35a64c82aace04fa39b46b52d4630ece166655905a69", size = 61455, upload-time = "2026-03-15T18:53:23.833Z" },
]

[[package]]
name = "cigam"
version = "0.0.3"
source = { registry = "https://pypi.org/simple" }
wheels = [
    { url = "https://files.pythonhosted.org/packages/3c/d0/19ff49c1938aea4e0076ee084ca23845408cffb51582b2be975f926533b5/cigam-0.0.3-py3-none-any.whl", hash = "sha256:8fcf65d7361f0372c53780e861307abd1f11a94b6204fa653ba3f38277822783", size = 3788, upload-time = "2018-03-21T03:07:58.247Z" },
]

[[package]]
name = "colorama"
version = "0.4.6"
source = { registry = "https://pypi.org/simple" }
sdist = { url = "https://files.pythonhosted.org/packages/d8/53/6f443c9a4a8358a93a6792e2acffb9d9d5cb0a5cfd8802644b7b1c9a02e4/colorama-0.4.6.tar.gz", hash = "sha256:08695f5cb7ed6e0531a20572697297273c47b8cae5a63ffc6d6ed5c201be6e44", size = 27697, upload-time = "2022-10-25T02:36:22.414Z" }
wheels = [
    { url = "https://files.pythonhosted.org/packages/d1/d6/3965ed04c63042e047cb6a3e6ed1a63a35087b6a609aa3a15ed8ac56c221/colorama-0.4.6-py2.py3-none-any.whl", hash = "sha256:4f1d9991f5acc0ca119f9d443620b77f9d6b33703e51011c16baf57afb285fc6", size = 25335, upload-time = "2022-10-25T02:36:20.889Z" },
]

[[package]]
name = "idna"
version = "3.11"
source = { registry = "https://pypi.org/simple" }
sdist = { url = "https://files.pythonhosted.org/packages/6f/6d/0703ccc57f3a7233505399edb88de3cbd678da106337b9fcde432b65ed60/idna-3.11.tar.gz", hash = "sha256:795dafcc9c04ed0c1fb032c2aa73654d8e8c5023a7df64a53f39190ada629902", size = 194582, upload-time = "2025-10-12T14:55:20.501Z" }
wheels = [
    { url = "https://files.pythonhosted.org/packages/0e/61/66938bbb5fc52dbdf84594873d5b51fb1f7c7794e9c0f5bd885f30bc507b/idna-3.11-py3-none-any.whl", hash = "sha256:771a87f49d9defaf64091e6e6fe9c18d4833f140bd19464795bc32d966ca37ea", size = 71008, upload-time = "2025-10-12T14:55:18.883Z" },
]

[[package]]
name = "logzero"
version = "1.7.0"
source = { registry = "https://pypi.org/simple" }
dependencies = [
    { name = "colorama", marker = "sys_platform == 'win32'" },
]
sdist = { url = "https://files.pythonhosted.org/packages/bc/9a/018883ee64df0900bde1ac314868f81d12cbc450e51b216ab55e6e4dfc7d/logzero-1.7.0.tar.gz", hash = "sha256:7f73ddd3ae393457236f081ffebd044a3aa2e423a47ae6ddb5179ab90d0ad082", size = 577803, upload-time = "2021-03-17T11:24:21.059Z" }
wheels = [
    { url = "https://files.pythonhosted.org/packages/b3/68/aa714515d65090fcbcc9a1f3debd5a644b14aad11e59238f42f00bd4b298/logzero-1.7.0-py2.py3-none-any.whl", hash = "sha256:23eb1f717a2736f9ab91ca0d43160fd2c996ad49ae6bad34652d47aba908769d", size = 16162, upload-time = "2021-03-17T11:24:19.849Z" },
]

[[package]]
name = "pyelftools"
version = "0.32"
source = { registry = "https://pypi.org/simple" }
sdist = { url = "https://files.pythonhosted.org/packages/b9/ab/33968940b2deb3d92f5b146bc6d4009a5f95d1d06c148ea2f9ee965071af/pyelftools-0.32.tar.gz", hash = "sha256:6de90ee7b8263e740c8715a925382d4099b354f29ac48ea40d840cf7aa14ace5", size = 15047199, upload-time = "2025-02-19T14:20:05.549Z" }
wheels = [
    { url = "https://files.pythonhosted.org/packages/af/43/700932c4f0638c3421177144a2e86448c0d75dbaee2c7936bda3f9fd0878/pyelftools-0.32-py3-none-any.whl", hash = "sha256:013df952a006db5e138b1edf6d8a68ecc50630adbd0d83a2d41e7f846163d738", size = 188525, upload-time = "2025-02-19T14:19:59.919Z" },
]

[[package]]
name = "requests"
version = "2.32.5"
source = { registry = "https://pypi.org/simple" }
dependencies = [
    { name = "certifi" },
    { name = "charset-normalizer" },
    { name = "idna" },
    { name = "urllib3" },
]
sdist = { url = "https://files.pythonhosted.org/packages/c9/74/b3ff8e6c8446842c3f5c837e9c3dfcfe2018ea6ecef224c710c85ef728f4/requests-2.32.5.tar.gz", hash = "sha256:dbba0bac56e100853db0ea71b82b4dfd5fe2bf6d3754a8893c3af500cec7d7cf", size = 134517, upload-time = "2025-08-18T20:46:02.573Z" }
wheels = [
    { url = "https://files.pythonhosted.org/packages/1e/db/4254e3eabe8020b458f1a747140d32277ec7a271daf1d235b70dc0b4e6e3/requests-2.32.5-py3-none-any.whl", hash = "sha256:2462f94637a34fd532264295e186976db0f5d453d1cdd31473c85a6a161affb6", size = 64738, upload-time = "2025-08-18T20:46:00.542Z" },
]

[[package]]
name = "rethinkdb"
version = "2.4.2.post1"
source = { registry = "https://pypi.org/simple" }
dependencies = [
    { name = "six" },
]
sdist = { url = "https://files.pythonhosted.org/packages/f3/6c/b60ad848a44a39637a9bf33992e95407daaf77c22a19dcfa491fe27a1c36/rethinkdb-2.4.2.post1.tar.gz", hash = "sha256:a0821549e6e129ca4f3f13460ed2efefc181cc1a794cb20b393b674c7f7c66be", size = 138352, upload-time = "2019-04-29T19:12:06.586Z" }
wheels = [
    { url = "https://files.pythonhosted.org/packages/98/4b/b22065b2686f440f8eaa8a7326e96a442ce98b7b637d28529958b83b2128/rethinkdb-2.4.2.post1-py2.py3-none-any.whl", hash = "sha256:377ebd1e65817fab0e64fd6577dcfa32b74e0464b706271bd3a8069d0dc41d3b", size = 155355, upload-time = "2019-04-29T19:12:00.478Z" },
]

[[package]]
name = "setuptools"
version = "69.5.1"
source = { registry = "https://pypi.org/simple" }
sdist = { url = "https://files.pythonhosted.org/packages/d6/4f/b10f707e14ef7de524fe1f8988a294fb262a29c9b5b12275c7e188864aed/setuptools-69.5.1.tar.gz", hash = "sha256:6c1fccdac05a97e598fb0ae3bbed5904ccb317337a51139dcd51453611bbb987", size = 2291314, upload-time = "2024-04-13T21:06:28.589Z" }
wheels = [
    { url = "https://files.pythonhosted.org/packages/f7/29/13965af254e3373bceae8fb9a0e6ea0d0e571171b80d6646932131d6439b/setuptools-69.5.1-py3-none-any.whl", hash = "sha256:c636ac361bc47580504644275c9ad802c50415c7522212252c033bd15f301f32", size = 894566, upload-time = "2024-04-13T21:06:23.256Z" },
]

[[package]]
name = "six"
version = "1.17.0"
source = { registry = "https://pypi.org/simple" }
sdist = { url = "https://files.pythonhosted.org/packages/94/e7/b2c673351809dca68a0e064b6af791aa332cf192da575fd474ed7d6f16a2/six-1.17.0.tar.gz", hash = "sha256:ff70335d468e7eb6ec65b95b99d3a2836546063f63acc5171de367e834932a81", size = 34031, upload-time = "2024-12-04T17:35:28.174Z" }
wheels = [
    { url = "https://files.pythonhosted.org/packages/b7/ce/149a00dd41f10bc29e5921b496af8b574d8413afcd5e30dfa0ed46c2cc5e/six-1.17.0-py2.py3-none-any.whl", hash = "sha256:4721f391ed90541fddacab5acf947aa0d3dc7d27b2e1e8eda2be8970586c3274", size = 11050, upload-time = "2024-12-04T17:35:26.475Z" },
]

[[package]]
name = "tornado"
version = "6.5.5"
source = { registry = "https://pypi.org/simple" }
sdist = { url = "https://files.pythonhosted.org/packages/f8/f1/3173dfa4a18db4a9b03e5d55325559dab51ee653763bb8745a75af491286/tornado-6.5.5.tar.gz", hash = "sha256:192b8f3ea91bd7f1f50c06955416ed76c6b72f96779b962f07f911b91e8d30e9", size = 516006, upload-time = "2026-03-10T21:31:02.067Z" }
wheels = [
    { url = "https://files.pythonhosted.org/packages/59/8c/77f5097695f4dd8255ecbd08b2a1ed8ba8b953d337804dd7080f199e12bf/tornado-6.5.5-cp39-abi3-macosx_10_9_universal2.whl", hash = "sha256:487dc9cc380e29f58c7ab88f9e27cdeef04b2140862e5076a66fb6bb68bb1bfa", size = 445983, upload-time = "2026-03-10T21:30:44.28Z" },
    { url = "https://files.pythonhosted.org/packages/ab/5e/7625b76cd10f98f1516c36ce0346de62061156352353ef2da44e5c21523c/tornado-6.5.5-cp39-abi3-macosx_10_9_x86_64.whl", hash = "sha256:65a7f1d46d4bb41df1ac99f5fcb685fb25c7e61613742d5108b010975a9a6521", size = 444246, upload-time = "2026-03-10T21:30:46.571Z" },
    { url = "https://files.pythonhosted.org/packages/b2/04/7b5705d5b3c0fab088f434f9c83edac1573830ca49ccf29fb83bf7178eec/tornado-6.5.5-cp39-abi3-manylinux1_x86_64.manylinux_2_28_x86_64.manylinux_2_5_x86_64.whl", hash = "sha256:e74c92e8e65086b338fd56333fb9a68b9f6f2fe7ad532645a290a464bcf46be5", size = 447229, upload-time = "2026-03-10T21:30:48.273Z" },
    { url = "https://files.pythonhosted.org/packages/34/01/74e034a30ef59afb4097ef8659515e96a39d910b712a89af76f5e4e1f93c/tornado-6.5.5-cp39-abi3-manylinux2014_aarch64.manylinux_2_17_aarch64.manylinux_2_28_aarch64.whl", hash = "sha256:435319e9e340276428bbdb4e7fa732c2d399386d1de5686cb331ec8eee754f07", size = 448192, upload-time = "2026-03-10T21:30:51.22Z" },
    { url = "https://files.pythonhosted.org/packages/be/00/fe9e02c5a96429fce1a1d15a517f5d8444f9c412e0bb9eadfbe3b0fc55bf/tornado-6.5.5-cp39-abi3-musllinux_1_2_aarch64.whl", hash = "sha256:3f54aa540bdbfee7b9eb268ead60e7d199de5021facd276819c193c0fb28ea4e", size = 448039, upload-time = "2026-03-10T21:30:53.52Z" },
    { url = "https://files.pythonhosted.org/packages/82/9e/656ee4cec0398b1d18d0f1eb6372c41c6b889722641d84948351ae19556d/tornado-6.5.5-cp39-abi3-musllinux_1_2_x86_64.whl", hash = "sha256:36abed1754faeb80fbd6e64db2758091e1320f6bba74a4cf8c09cd18ccce8aca", size = 447445, upload-time = "2026-03-10T21:30:55.541Z" },
    { url = "https://files.pythonhosted.org/packages/5a/76/4921c00511f88af86a33de770d64141170f1cfd9c00311aea689949e274e/tornado-6.5.5-cp39-abi3-win32.whl", hash = "sha256:dd3eafaaeec1c7f2f8fdcd5f964e8907ad788fe8a5a32c4426fbbdda621223b7", size = 448582, upload-time = "2026-03-10T21:30:57.142Z" },
    { url = "https://files.pythonhosted.org/packages/2c/23/f6c6112a04d28eed765e374435fb1a9198f73e1ec4b4024184f21faeb1ad/tornado-6.5.5-cp39-abi3-win_amd64.whl", hash = "sha256:6443a794ba961a9f619b1ae926a2e900ac20c34483eea67be4ed8f1e58d3ef7b", size = 448990, upload-time = "2026-03-10T21:30:58.857Z" },
    { url = "https://files.pythonhosted.org/packages/b7/c8/876602cbc96469911f0939f703453c1157b0c826ecb05bdd32e023397d4e/tornado-6.5.5-cp39-abi3-win_arm64.whl", hash = "sha256:2c9a876e094109333f888539ddb2de4361743e5d21eece20688e3e351e4990a6", size = 448016, upload-time = "2026-03-10T21:31:00.43Z" },
]

[[package]]
name = "urllib3"
version = "2.6.3"
source = { registry = "https://pypi.org/simple" }
sdist = { url = "https://files.pythonhosted.org/packages/c7/24/5f1b3bdffd70275f6661c76461e25f024d5a38a46f04aaca912426a2b1d3/urllib3-2.6.3.tar.gz", hash = "sha256:1b62b6884944a57dbe321509ab94fd4d3b307075e0c2eae991ac71ee15ad38ed", size = 435556, upload-time = "2026-01-07T16:24:43.925Z" }
wheels = [
    { url = "https://files.pythonhosted.org/packages/39/08/aaaad47bc4e9dc8c725e68f9d04865dbcb2052843ff09c97b08904852d84/urllib3-2.6.3-py3-none-any.whl", hash = "sha256:bf272323e553dfb2e87d9bfd225ca7b0f467b919d7bbd355436d3fd37cb0acd4", size = 131584, upload-time = "2026-01-07T16:24:42.685Z" },
]

[[package]]
name = "xmltodict"
version = "1.0.4"
source = { registry = "https://pypi.org/simple" }
sdist = { url = "https://files.pythonhosted.org/packages/19/70/80f3b7c10d2630aa66414bf23d210386700aa390547278c789afa994fd7e/xmltodict-1.0.4.tar.gz", hash = "sha256:6d94c9f834dd9e44514162799d344d815a3a4faec913717a9ecbfa5be1bb8e61", size = 26124, upload-time = "2026-02-22T02:21:22.074Z" }
wheels = [
    { url = "https://files.pythonhosted.org/packages/38/34/98a2f52245f4d47be93b580dae5f9861ef58977d73a79eb47c58f1ad1f3a/xmltodict-1.0.4-py3-none-any.whl", hash = "sha256:a4a00d300b0e1c59fc2bfccb53d7b2e88c32f200df138a0dd2229f842497026a", size = 13580, upload-time = "2026-02-22T02:21:21.039Z" },
]
